{
    "_readme": [
        "This file locks the dependencies of your project to a known state",
        "Read more about it at http://getcomposer.org/doc/01-basic-usage.md#composer-lock-the-lock-file"
    ],
    "hash": "4a6b8712dcfad975d0aa9460e676d694",
    "packages": [
        {
            "name": "cakephp/debug_kit",
            "version": "2.2.1",
            "source": {
                "type": "git",
                "url": "https://github.com/cakephp/debug_kit.git",
                "reference": "49afa821703da5af536051cabd5dbaa5d21a1eca"
            },
            "dist": {
                "type": "zip",
                "url": "https://api.github.com/repos/cakephp/debug_kit/zipball/49afa821703da5af536051cabd5dbaa5d21a1eca",
                "reference": "49afa821703da5af536051cabd5dbaa5d21a1eca",
                "shasum": ""
            },
            "require": {
                "composer/installers": "*",
                "php": ">=5.3.0"
            },
            "type": "cakephp-plugin",
            "extra": {
                "branch-alias": {
                    "dev-master": "2.2.x-dev"
                }
            },
            "notification-url": "https://packagist.org/downloads/",
            "license": [
                "MIT"
            ],
            "authors": [
                {
                    "name": "Mark Story",
                    "homepage": "http://mark-story.com",
                    "role": "Author"
                },
                {
                    "name": "CakePHP Community",
                    "homepage": "https://github.com/cakephp/debug_kit/graphs/contributors"
                }
            ],
            "description": "CakePHP Debug Kit",
            "homepage": "https://github.com/cakephp/debug_kit",
            "keywords": [
                "cakephp",
                "debug",
                "kit"
            ],
            "time": "2013-08-23 01:52:11"
        },
        {
            "name": "cakephp/localized",
            "version": "dev-master",
            "source": {
                "type": "git",
                "url": "https://github.com/cakephp/localized.git",
                "reference": "a9491d8cce6c1ddc57a5be4e435806a6b225ee5d"
            },
            "dist": {
                "type": "zip",
                "url": "https://api.github.com/repos/cakephp/localized/zipball/a9491d8cce6c1ddc57a5be4e435806a6b225ee5d",
                "reference": "a9491d8cce6c1ddc57a5be4e435806a6b225ee5d",
                "shasum": ""
            },
            "require": {
                "composer/installers": "*",
                "php": ">=5.2.8"
            },
            "type": "cakephp-plugin",
            "extra": {
                "branch-alias": {
                    "dev-master": "2.1.x-dev"
                },
                "installer-name": "Localized"
            },
            "notification-url": "https://packagist.org/downloads/",
            "license": [
                "MIT"
            ],
            "authors": [
                {
                    "name": "CakePHP Community",
                    "homepage": "https://github.com/cakephp/localized/graphs/contributors"
                }
            ],
            "description": "CakePHP Localized Plugin",
            "homepage": "https://github.com/cakephp/localized",
            "keywords": [
                "cakephp",
                "i18n",
                "l10n",
                "localized"
            ],
            "time": "2013-09-21 18:55:04"
        },
        {
            "name": "composer/installers",
            "version": "v1.0.6",
            "source": {
                "type": "git",
                "url": "https://github.com/composer/installers.git",
                "reference": "b3bd071ea114a57212c75aa6a2eef5cfe0cc798f"
            },
            "dist": {
                "type": "zip",
                "url": "https://api.github.com/repos/composer/installers/zipball/b3bd071ea114a57212c75aa6a2eef5cfe0cc798f",
                "reference": "b3bd071ea114a57212c75aa6a2eef5cfe0cc798f",
                "shasum": ""
            },
            "replace": {
                "shama/baton": "*"
            },
            "require-dev": {
                "composer/composer": "1.0.*@dev",
                "phpunit/phpunit": "3.7.*"
            },
            "type": "composer-installer",
            "extra": {
                "class": "Composer\\Installers\\Installer",
                "branch-alias": {
                    "dev-master": "1.0-dev"
                }
            },
            "autoload": {
                "psr-0": {
                    "Composer\\Installers\\": "src/"
                }
            },
            "notification-url": "https://packagist.org/downloads/",
            "license": [
                "MIT"
            ],
            "authors": [
                {
                    "name": "Kyle Robinson Young",
                    "email": "kyle@dontkry.com",
                    "homepage": "https://github.com/shama",
                    "role": "Developer"
                }
            ],
            "description": "A multi-framework Composer library installer",
            "homepage": "http://composer.github.com/installers/",
            "keywords": [
                "TYPO3 CMS",
                "TYPO3 Flow",
                "TYPO3 Neos",
                "agl",
                "cakephp",
                "codeigniter",
                "drupal",
                "fuelphp",
                "installer",
                "joomla",
                "kohana",
                "laravel",
                "li3",
                "lithium",
                "mako",
                "modulework",
                "phpbb",
                "ppi",
                "silverstripe",
                "symfony",
                "wordpress",
                "zend"
            ],
            "time": "2013-08-20 04:37:09"
        },
        {
            "name": "pear-pear.cakephp.org/CakePHP",
            "version": "2.4.2",
            "dist": {
                "type": "file",
                "url": "http://pear.cakephp.org/get/CakePHP-2.4.2.tgz",
                "reference": null,
                "shasum": null
            },
            "require": {
                "php": ">=5.2.8.0"
            },
            "replace": {
                "pear-cakephp/cakephp": "== 2.4.2.0"
            },
            "type": "pear-library",
            "autoload": {
                "classmap": [
                    ""
                ]
            },
            "include-path": [
                "/"
            ],
            "description": "CakePHP is an application development framework for PHP 5.2+"
        }
    ],
    "packages-dev": [

    ],
    "aliases": [

    ],
    "minimum-stability": "stable",
    "stability-flags": {
        "cakephp/localized": 20
    },
    "platform": [

    ],
    "platform-dev": [

    ]
}
